{
  "version": "4",
  "specifiers": {
    "jsr:@core/unknownutil@^4.3.0": "4.3.0",
    "jsr:@denops/core@7": "7.0.1",
    "jsr:@denops/std@7.1": "7.1.1",
    "jsr:@denops/std@7.4": "7.4.0",
    "jsr:@shougo/dpp-ext-lazy@1.5": "1.5.0",
    "jsr:@shougo/dpp-ext-toml@1.3": "1.3.0",
    "jsr:@shougo/dpp-vim@3.0": "3.0.0",
    "jsr:@shougo/dpp-vim@4.1": "4.1.0",
    "jsr:@std/assert@~1.0.2": "1.0.12",
    "jsr:@std/collections@^1.0.9": "1.0.10",
    "jsr:@std/internal@^1.0.6": "1.0.6",
    "jsr:@std/path@~1.0.2": "1.0.8",
    "jsr:@std/semver@1": "1.0.4",
    "jsr:@std/toml@1.0": "1.0.2",
    "jsr:@std/ulid@1": "1.0.0"
  },
  "jsr": {
    "@core/unknownutil@4.3.0": {
      "integrity": "538a3687ffa81028e91d148818047df219663d0da671d906cecd165581ae55cc"
    },
    "@denops/core@7.0.1": {
      "integrity": "ede39eec60de6d5bf0fbc0337d3e420a9689cc48afea8c71752e6c0fb630bde0"
    },
    "@denops/std@7.1.1": {
      "integrity": "9178027fc9192034842ac4d8d7219ce65ea80cb115b722e681e5c3630b503cb8",
      "dependencies": [
        "jsr:@core/unknownutil",
        "jsr:@denops/core",
        "jsr:@std/semver",
        "jsr:@std/ulid"
      ]
    },
    "@denops/std@7.4.0": {
      "integrity": "6d7ae66af0286a440c14c0ba096b4336697bcd69e83e0fce21a41fb3dec10d65",
      "dependencies": [
        "jsr:@denops/core"
      ]
    },
    "@shougo/dpp-ext-lazy@1.5.0": {
      "integrity": "ebd9741e2cecf3324a8dc2a3a8cd945b35d34f312ae3cd06a349c230b94e6ff1",
      "dependencies": [
        "jsr:@denops/std@7.1",
        "jsr:@shougo/dpp-vim@3.0"
      ]
    },
    "@shougo/dpp-ext-toml@1.3.0": {
      "integrity": "25a44defbc857c50d6426c74ddabd4280041c972a55e8ee76820878015c33d47",
      "dependencies": [
        "jsr:@denops/std@7.1",
        "jsr:@shougo/dpp-vim@3.0",
        "jsr:@std/path",
        "jsr:@std/toml"
      ]
    },
    "@shougo/dpp-vim@3.0.0": {
      "integrity": "0c5e5ac938f8ed464e224dfa530d187fd9ca41a370d7b9b3c8b66cd0ab983ad2",
      "dependencies": [
        "jsr:@denops/std@7.1",
        "jsr:@std/assert",
        "jsr:@std/path"
      ]
    },
    "@shougo/dpp-vim@4.1.0": {
      "integrity": "0b09573ccba40d4efee270cc7259ea1fb29565aa9475029841b8a1fed1ef0d8c",
      "dependencies": [
        "jsr:@denops/std@7.4",
        "jsr:@std/assert",
        "jsr:@std/path"
      ]
    },
    "@std/assert@1.0.12": {
      "integrity": "08009f0926dda9cbd8bef3a35d3b6a4b964b0ab5c3e140a4e0351fbf34af5b9a",
      "dependencies": [
        "jsr:@std/internal"
      ]
    },
    "@std/collections@1.0.10": {
      "integrity": "903af106a3d92970d74e20f7ebff77d9658af9bef4403f1dc42a7801c0575899"
    },
    "@std/internal@1.0.6": {
      "integrity": "9533b128f230f73bd209408bb07a4b12f8d4255ab2a4d22a1fd6d87304aca9a4"
    },
    "@std/path@1.0.8": {
      "integrity": "548fa456bb6a04d3c1a1e7477986b6cffbce95102d0bb447c67c4ee70e0364be"
    },
    "@std/semver@1.0.4": {
      "integrity": "a62af791917d8fd6c48d6ebbb872f83fad3fc6671ffadbbd39ea229c2d34d175"
    },
    "@std/toml@1.0.2": {
      "integrity": "5892ba489c5b512265a384238a8fe8dddbbb9498b4b210ef1b9f0336a423a39b",
      "dependencies": [
        "jsr:@std/collections"
      ]
    },
    "@std/ulid@1.0.0": {
      "integrity": "d41c3d27a907714413649fee864b7cde8d42ee68437d22b79d5de4f81d808780"
    }
  }
}
